
Microsoft Visual Studio Solution File, Format Version 12.00
# Visual Studio Version 17
VisualStudioVersion = 17.14.36414.22 d17.14
MinimumVisualStudioVersion = 10.0.40219.1
Project("{FAE04EC0-301F-11D3-BF4B-00C04F79EFBC}") = "MYTRACERT", "MYTRACERT\MYTRACERT.csproj", "{E1BCCA03-9105-42FC-BD99-D4954A2614C0}"
EndProject
Global
	GlobalSection(SolutionConfigurationPlatforms) = preSolution
		Debug|Any CPU = Debug|Any CPU
		Release|Any CPU = Release|Any CPU
	EndGlobalSection
	GlobalSection(ProjectConfigurationPlatforms) = postSolution
		{E1BCCA03-9105-42FC-BD99-D4954A2614C0}.Debug|Any CPU.ActiveCfg = Debug|Any CPU
		{E1BCCA03-9105-42FC-BD99-D4954A2614C0}.Debug|Any CPU.Build.0 = Debug|Any CPU
		{E1BCCA03-9105-42FC-BD99-D4954A2614C0}.Release|Any CPU.ActiveCfg = Release|Any CPU
		{E1BCCA03-9105-42FC-BD99-D4954A2614C0}.Release|Any CPU.Build.0 = Release|Any CPU
	EndGlobalSection
	GlobalSection(SolutionProperties) = preSolution
		HideSolutionNode = FALSE
	EndGlobalSection
	GlobalSection(ExtensibilityGlobals) = postSolution
		SolutionGuid = {F6D11A9C-9B67-4CFE-99E8-072F71A33FBC}
	EndGlobalSection
EndGlobal
